// !$*UTF8*$!
{
	archiveVersion = 1;
	classes = {
	};
	objectVersion = 56;
	objects = {

/* Begin PBXBuildFile section */
		1700F5642C80C8C200B0DC61 /* forest.mp3 in Resources */ = {isa = PBXBuildFile; fileRef = 1700F5632C80C8C200B0DC61 /* forest.mp3 */; };
		1700F5802CC968CA00B0DC61 /* MusicInfo.swift in Sources */ = {isa = PBXBuildFile; fileRef = 1700F57F2CC968CA00B0DC61 /* MusicInfo.swift */; };
		178546F42D910B510075AE57 /* ControllBarView.swift in Sources */ = {isa = PBXBuildFile; fileRef = 178546F32D910B510075AE57 /* ControllBarView.swift */; };
		178546F62D910BB80075AE57 /* PlayListView.swift in Sources */ = {isa = PBXBuildFile; fileRef = 178546F52D910BB80075AE57 /* PlayListView.swift */; };
		179827202CF5811600492548 /* MusicPlayer.swift in Sources */ = {isa = PBXBuildFile; fileRef = 1798271F2CF5811600492548 /* MusicPlayer.swift */; };
		179827222CF79D3900492548 /* MainScreen.swift in Sources */ = {isa = PBXBuildFile; fileRef = 179827212CF79D3900492548 /* MainScreen.swift */; };
		17B72EB02C677ACB00C2CE2A /* AppDelegate.swift in Sources */ = {isa = PBXBuildFile; fileRef = 17B72EAF2C677ACB00C2CE2A /* AppDelegate.swift */; };
		17B72EB22C677ACB00C2CE2A /* SceneDelegate.swift in Sources */ = {isa = PBXBuildFile; fileRef = 17B72EB12C677ACB00C2CE2A /* SceneDelegate.swift */; };
		17B72EB92C677ACC00C2CE2A /* Assets.xcassets in Resources */ = {isa = PBXBuildFile; fileRef = 17B72EB82C677ACC00C2CE2A /* Assets.xcassets */; };
		17B72EBC2C677ACC00C2CE2A /* Base in Resources */ = {isa = PBXBuildFile; fileRef = 17B72EBB2C677ACC00C2CE2A /* Base */; };
/* End PBXBuildFile section */

/* Begin PBXFileReference section */
		1700F5632C80C8C200B0DC61 /* forest.mp3 */ = {isa = PBXFileReference; lastKnownFileType = audio.mp3; path = forest.mp3; sourceTree = "<group>"; };
		1700F57F2CC968CA00B0DC61 /* MusicInfo.swift */ = {isa = PBXFileReference; lastKnownFileType = sourcecode.swift; path = MusicInfo.swift; sourceTree = "<group>"; };
		178546F32D910B510075AE57 /* ControllBarView.swift */ = {isa = PBXFileReference; lastKnownFileType = sourcecode.swift; path = ControllBarView.swift; sourceTree = "<group>"; };
		178546F52D910BB80075AE57 /* PlayListView.swift */ = {isa = PBXFileReference; lastKnownFileType = sourcecode.swift; path = PlayListView.swift; sourceTree = "<group>"; };
		1798271F2CF5811600492548 /* MusicPlayer.swift */ = {isa = PBXFileReference; lastKnownFileType = sourcecode.swift; path = MusicPlayer.swift; sourceTree = "<group>"; };
		179827212CF79D3900492548 /* MainScreen.swift */ = {isa = PBXFileReference; lastKnownFileType = sourcecode.swift; path = MainScreen.swift; sourceTree = "<group>"; };
		17B72EAC2C677ACB00C2CE2A /* PlojectYPL.app */ = {isa = PBXFileReference; explicitFileType = wrapper.application; includeInIndex = 0; path = PlojectYPL.app; sourceTree = BUILT_PRODUCTS_DIR; };
		17B72EAF2C677ACB00C2CE2A /* AppDelegate.swift */ = {isa = PBXFileReference; lastKnownFileType = sourcecode.swift; path = AppDelegate.swift; sourceTree = "<group>"; };
		17B72EB12C677ACB00C2CE2A /* SceneDelegate.swift */ = {isa = PBXFileReference; lastKnownFileType = sourcecode.swift; path = SceneDelegate.swift; sourceTree = "<group>"; };
		17B72EB82C677ACC00C2CE2A /* Assets.xcassets */ = {isa = PBXFileReference; lastKnownFileType = folder.assetcatalog; path = Assets.xcassets; sourceTree = "<group>"; };
		17B72EBB2C677ACC00C2CE2A /* Base */ = {isa = PBXFileReference; lastKnownFileType = file.storyboard; name = Base; path = Base.lproj/LaunchScreen.storyboard; sourceTree = "<group>"; };
		17B72EBD2C677ACC00C2CE2A /* Info.plist */ = {isa = PBXFileReference; lastKnownFileType = text.plist.xml; path = Info.plist; sourceTree = "<group>"; };
/* End PBXFileReference section */

/* Begin PBXFrameworksBuildPhase section */
		17B72EA92C677ACB00C2CE2A /* Frameworks */ = {
			isa = PBXFrameworksBuildPhase;
			buildActionMask = 2147483647;
			files = (
			);
			runOnlyForDeploymentPostprocessing = 0;
		};
/* End PBXFrameworksBuildPhase section */

/* Begin PBXGroup section */
		17B72EA32C677ACB00C2CE2A = {
			isa = PBXGroup;
			children = (
				17B72EAE2C677ACB00C2CE2A /* PlojectYPL */,
				17B72EAD2C677ACB00C2CE2A /* Products */,
			);
			sourceTree = "<group>";
		};
		17B72EAD2C677ACB00C2CE2A /* Products */ = {
			isa = PBXGroup;
			children = (
				17B72EAC2C677ACB00C2CE2A /* PlojectYPL.app */,
			);
			name = Products;
			sourceTree = "<group>";
		};
		17B72EAE2C677ACB00C2CE2A /* PlojectYPL */ = {
			isa = PBXGroup;
			children = (
				1700F5632C80C8C200B0DC61 /* forest.mp3 */,
				17B72EAF2C677ACB00C2CE2A /* AppDelegate.swift */,
				17B72EB12C677ACB00C2CE2A /* SceneDelegate.swift */,
				17B72EB82C677ACC00C2CE2A /* Assets.xcassets */,
				17B72EBA2C677ACC00C2CE2A /* LaunchScreen.storyboard */,
				17B72EBD2C677ACC00C2CE2A /* Info.plist */,
				179827212CF79D3900492548 /* MainScreen.swift */,
				178546F32D910B510075AE57 /* ControllBarView.swift */,
				178546F52D910BB80075AE57 /* PlayListView.swift */,
				1700F57F2CC968CA00B0DC61 /* MusicInfo.swift */,
				1798271F2CF5811600492548 /* MusicPlayer.swift */,
			);
			path = PlojectYPL;
			sourceTree = "<group>";
		};
/* End PBXGroup section */

/* Begin PBXNativeTarget section */
		17B72EAB2C677ACB00C2CE2A /* PlojectYPL */ = {
			isa = PBXNativeTarget;
			buildConfigurationList = 17B72EC02C677ACC00C2CE2A /* Build configuration list for PBXNativeTarget "PlojectYPL" */;
			buildPhases = (
				17B72EA82C677ACB00C2CE2A /* Sources */,
				17B72EA92C677ACB00C2CE2A /* Frameworks */,
				17B72EAA2C677ACB00C2CE2A /* Resources */,
			);
			buildRules = (
			);
			dependencies = (
			);
			name = PlojectYPL;
			productName = PlojectYPL;
			productReference = 17B72EAC2C677ACB00C2CE2A /* PlojectYPL.app */;
			productType = "com.apple.product-type.application";
		};
/* End PBXNativeTarget section */

/* Begin PBXProject section */
		17B72EA42C677ACB00C2CE2A /* Project object */ = {
			isa = PBXProject;
			attributes = {
				BuildIndependentTargetsInParallel = 1;
				LastSwiftUpdateCheck = 1540;
				LastUpgradeCheck = 1540;
				TargetAttributes = {
					17B72EAB2C677ACB00C2CE2A = {
						CreatedOnToolsVersion = 15.4;
					};
				};
			};
			buildConfigurationList = 17B72EA72C677ACB00C2CE2A /* Build configuration list for PBXProject "PlojectYPL" */;
			compatibilityVersion = "Xcode 14.0";
			developmentRegion = en;
			hasScannedForEncodings = 0;
			knownRegions = (
				en,
				Base,
			);
			mainGroup = 17B72EA32C677ACB00C2CE2A;
			productRefGroup = 17B72EAD2C677ACB00C2CE2A /* Products */;
			projectDirPath = "";
			projectRoot = "";
			targets = (
				17B72EAB2C677ACB00C2CE2A /* PlojectYPL */,
			);
		};
/* End PBXProject section */

/* Begin PBXResourcesBuildPhase section */
		17B72EAA2C677ACB00C2CE2A /* Resources */ = {
			isa = PBXResourcesBuildPhase;
			buildActionMask = 2147483647;
			files = (
				17B72EB92C677ACC00C2CE2A /* Assets.xcassets in Resources */,
				17B72EBC2C677ACC00C2CE2A /* Base in Resources */,
				1700F5642C80C8C200B0DC61 /* forest.mp3 in Resources */,
			);
			runOnlyForDeploymentPostprocessing = 0;
		};
/* End PBXResourcesBuildPhase section */

/* Begin PBXSourcesBuildPhase section */
		17B72EA82C677ACB00C2CE2A /* Sources */ = {
			isa = PBXSourcesBuildPhase;
			buildActionMask = 2147483647;
			files = (
				178546F62D910BB80075AE57 /* PlayListView.swift in Sources */,
				179827222CF79D3900492548 /* MainScreen.swift in Sources */,
				179827202CF5811600492548 /* MusicPlayer.swift in Sources */,
				1700F5802CC968CA00B0DC61 /* MusicInfo.swift in Sources */,
				178546F42D910B510075AE57 /* ControllBarView.swift in Sources */,
				17B72EB02C677ACB00C2CE2A /* AppDelegate.swift in Sources */,
				17B72EB22C677ACB00C2CE2A /* SceneDelegate.swift in Sources */,
			);
			runOnlyForDeploymentPostprocessing = 0;
		};
/* End PBXSourcesBuildPhase section */

/* Begin PBXVariantGroup section */
		17B72EBA2C677ACC00C2CE2A /* LaunchScreen.storyboard */ = {
			isa = PBXVariantGroup;
			children = (
				17B72EBB2C677ACC00C2CE2A /* Base */,
			);
			name = LaunchScreen.storyboard;
			sourceTree = "<group>";
		};
/* End PBXVariantGroup section */

/* Begin XCBuildConfiguration section */
		17B72EBE2C677ACC00C2CE2A /* Debug */ = {
			isa = XCBuildConfiguration;
			buildSettings = {
				ALWAYS_SEARCH_USER_PATHS = NO;
				ASSETCATALOG_COMPILER_GENERATE_SWIFT_ASSET_SYMBOL_EXTENSIONS = YES;
				CLANG_ANALYZER_NONNULL = YES;
				CLANG_ANALYZER_NUMBER_OBJECT_CONVERSION = YES_AGGRESSIVE;
				CLANG_CXX_LANGUAGE_STANDARD = "gnu++20";
				CLANG_ENABLE_MODULES = YES;
				CLANG_ENABLE_OBJC_ARC = YES;
				CLANG_ENABLE_OBJC_WEAK = YES;
				CLANG_WARN_BLOCK_CAPTURE_AUTORELEASING = YES;
				CLANG_WARN_BOOL_CONVERSION = YES;
				CLANG_WARN_COMMA = YES;
				CLANG_WARN_CONSTANT_CONVERSION = YES;
				CLANG_WARN_DEPRECATED_OBJC_IMPLEMENTATIONS = YES;
				CLANG_WARN_DIRECT_OBJC_ISA_USAGE = YES_ERROR;
				CLANG_WARN_DOCUMENTATION_COMMENTS = YES;
				CLANG_WARN_EMPTY_BODY = YES;
				CLANG_WARN_ENUM_CONVERSION = YES;
				CLANG_WARN_INFINITE_RECURSION = YES;
				CLANG_WARN_INT_CONVERSION = YES;
				CLANG_WARN_NON_LITERAL_NULL_CONVERSION = YES;
				CLANG_WARN_OBJC_IMPLICIT_RETAIN_SELF = YES;
				CLANG_WARN_OBJC_LITERAL_CONVERSION = YES;
				CLANG_WARN_OBJC_ROOT_CLASS = YES_ERROR;
				CLANG_WARN_QUOTED_INCLUDE_IN_FRAMEWORK_HEADER = YES;
				CLANG_WARN_RANGE_LOOP_ANALYSIS = YES;
				CLANG_WARN_STRICT_PROTOTYPES = YES;
				CLANG_WARN_SUSPICIOUS_MOVE = YES;
				CLANG_WARN_UNGUARDED_AVAILABILITY = YES_AGGRESSIVE;
				CLANG_WARN_UNREACHABLE_CODE = YES;
				CLANG_WARN__DUPLICATE_METHOD_MATCH = YES;
				COPY_PHASE_STRIP = NO;
				DEBUG_INFORMATION_FORMAT = dwarf;
				ENABLE_STRICT_OBJC_MSGSEND = YES;
				ENABLE_TESTABILITY = YES;
				ENABLE_USER_SCRIPT_SANDBOXING = YES;
				GCC_C_LANGUAGE_STANDARD = gnu17;
				GCC_DYNAMIC_NO_PIC = NO;
				GCC_NO_COMMON_BLOCKS = YES;
				GCC_OPTIMIZATION_LEVEL = 0;
				GCC_PREPROCESSOR_DEFINITIONS = (
					"DEBUG=1",
					"$(inherited)",
				);
				GCC_WARN_64_TO_32_BIT_CONVERSION = YES;
				GCC_WARN_ABOUT_RETURN_TYPE = YES_ERROR;
				GCC_WARN_UNDECLARED_SELECTOR = YES;
				GCC_WARN_UNINITIALIZED_AUTOS = YES_AGGRESSIVE;
				GCC_WARN_UNUSED_FUNCTION = YES;
				GCC_WARN_UNUSED_VARIABLE = YES;
				IPHONEOS_DEPLOYMENT_TARGET = 16.6;
				LOCALIZATION_PREFERS_STRING_CATALOGS = YES;
				MTL_ENABLE_DEBUG_INFO = INCLUDE_SOURCE;
				MTL_FAST_MATH = YES;
				ONLY_ACTIVE_ARCH = YES;
				SDKROOT = iphoneos;
				SWIFT_ACTIVE_COMPILATION_CONDITIONS = "DEBUG $(inherited)";
				SWIFT_OPTIMIZATION_LEVEL = "-Onone";
			};
			name = Debug;
		};
		17B72EBF2C677ACC00C2CE2A /* Release */ = {
			isa = XCBuildConfiguration;
			buildSettings = {
				ALWAYS_SEARCH_USER_PATHS = NO;
				ASSETCATALOG_COMPILER_GENERATE_SWIFT_ASSET_SYMBOL_EXTENSIONS = YES;
				CLANG_ANALYZER_NONNULL = YES;
				CLANG_ANALYZER_NUMBER_OBJECT_CONVERSION = YES_AGGRESSIVE;
				CLANG_CXX_LANGUAGE_STANDARD = "gnu++20";
				CLANG_ENABLE_MODULES = YES;
				CLANG_ENABLE_OBJC_ARC = YES;
				CLANG_ENABLE_OBJC_WEAK = YES;
				CLANG_WARN_BLOCK_CAPTURE_AUTORELEASING = YES;
				CLANG_WARN_BOOL_CONVERSION = YES;
				CLANG_WARN_COMMA = YES;
				CLANG_WARN_CONSTANT_CONVERSION = YES;
				CLANG_WARN_DEPRECATED_OBJC_IMPLEMENTATIONS = YES;
				CLANG_WARN_DIRECT_OBJC_ISA_USAGE = YES_ERROR;
				CLANG_WARN_DOCUMENTATION_COMMENTS = YES;
				CLANG_WARN_EMPTY_BODY = YES;
				CLANG_WARN_ENUM_CONVERSION = YES;
				CLANG_WARN_INFINITE_RECURSION = YES;
				CLANG_WARN_INT_CONVERSION = YES;
				CLANG_WARN_NON_LITERAL_NULL_CONVERSION = YES;
				CLANG_WARN_OBJC_IMPLICIT_RETAIN_SELF = YES;
				CLANG_WARN_OBJC_LITERAL_CONVERSION = YES;
				CLANG_WARN_OBJC_ROOT_CLASS = YES_ERROR;
				CLANG_WARN_QUOTED_INCLUDE_IN_FRAMEWORK_HEADER = YES;
				CLANG_WARN_RANGE_LOOP_ANALYSIS = YES;
				CLANG_WARN_STRICT_PROTOTYPES = YES;
				CLANG_WARN_SUSPICIOUS_MOVE = YES;
				CLANG_WARN_UNGUARDED_AVAILABILITY = YES_AGGRESSIVE;
				CLANG_WARN_UNREACHABLE_CODE = YES;
				CLANG_WARN__DUPLICATE_METHOD_MATCH = YES;
				COPY_PHASE_STRIP = NO;
				DEBUG_INFORMATION_FORMAT = "dwarf-with-dsym";
				ENABLE_NS_ASSERTIONS = NO;
				ENABLE_STRICT_OBJC_MSGSEND = YES;
				ENABLE_USER_SCRIPT_SANDBOXING = YES;
				GCC_C_LANGUAGE_STANDARD = gnu17;
				GCC_NO_COMMON_BLOCKS = YES;
				GCC_WARN_64_TO_32_BIT_CONVERSION = YES;
				GCC_WARN_ABOUT_RETURN_TYPE = YES_ERROR;
				GCC_WARN_UNDECLARED_SELECTOR = YES;
				GCC_WARN_UNINITIALIZED_AUTOS = YES_AGGRESSIVE;
				GCC_WARN_UNUSED_FUNCTION = YES;
				GCC_WARN_UNUSED_VARIABLE = YES;
				IPHONEOS_DEPLOYMENT_TARGET = 16.6;
				LOCALIZATION_PREFERS_STRING_CATALOGS = YES;
				MTL_ENABLE_DEBUG_INFO = NO;
				MTL_FAST_MATH = YES;
				SDKROOT = iphoneos;
				SWIFT_COMPILATION_MODE = wholemodule;
				VALIDATE_PRODUCT = YES;
			};
			name = Release;
		};
		17B72EC12C677ACC00C2CE2A /* Debug */ = {
			isa = XCBuildConfiguration;
			buildSettings = {
				ASSETCATALOG_COMPILER_APPICON_NAME = AppIcon;
				ASSETCATALOG_COMPILER_GLOBAL_ACCENT_COLOR_NAME = AccentColor;
				CODE_SIGN_STYLE = Automatic;
				CURRENT_PROJECT_VERSION = 1;
				DEVELOPMENT_TEAM = Q77G9L4656;
				GENERATE_INFOPLIST_FILE = YES;
				INFOPLIST_FILE = PlojectYPL/Info.plist;
				INFOPLIST_KEY_CFBundleDisplayName = YPL;
				INFOPLIST_KEY_LSApplicationCategoryType = "public.app-category.music";
				INFOPLIST_KEY_LSSupportsOpeningDocumentsInPlace = YES;
				INFOPLIST_KEY_NSPhotoLibraryUsageDescription = "이 앱은 사용자의 앨범에 접근합니다. 앨범의 파일을 재생하기 위함입니다.";
				INFOPLIST_KEY_UIApplicationSupportsIndirectInputEvents = YES;
				INFOPLIST_KEY_UILaunchStoryboardName = LaunchScreen.storyboard;
				INFOPLIST_KEY_UIStatusBarHidden = NO;
				INFOPLIST_KEY_UIStatusBarStyle = "";
				INFOPLIST_KEY_UISupportedInterfaceOrientations = UIInterfaceOrientationPortrait;
				INFOPLIST_KEY_UISupportedInterfaceOrientations_iPad = "UIInterfaceOrientationLandscapeLeft UIInterfaceOrientationLandscapeRight UIInterfaceOrientationPortrait UIInterfaceOrientationPortraitUpsideDown";
				INFOPLIST_KEY_UISupportsDocumentBrowser = YES;
				IPHONEOS_DEPLOYMENT_TARGET = 14.7;
				LD_RUNPATH_SEARCH_PATHS = (
					"$(inherited)",
					"@executable_path/Frameworks",
				);
				MARKETING_VERSION = 2.0;
				PRODUCT_BUNDLE_IDENTIFIER = kr.dy.PlojectYPL;
				PRODUCT_NAME = "$(TARGET_NAME)";
				SUPPORTED_PLATFORMS = "iphoneos iphonesimulator";
				SUPPORTS_MACCATALYST = NO;
				SUPPORTS_MAC_DESIGNED_FOR_IPHONE_IPAD = NO;
				SUPPORTS_XR_DESIGNED_FOR_IPHONE_IPAD = NO;
				SWIFT_EMIT_LOC_STRINGS = YES;
				SWIFT_VERSION = 5.0;
				TARGETED_DEVICE_FAMILY = 1;
			};
			name = Debug;
		};
		17B72EC22C677ACC00C2CE2A /* Release */ = {
			isa = XCBuildConfiguration;
			buildSettings = {
				ASSETCATALOG_COMPILER_APPICON_NAME = AppIcon;
				ASSETCATALOG_COMPILER_GLOBAL_ACCENT_COLOR_NAME = AccentColor;
				CODE_SIGN_STYLE = Automatic;
				CURRENT_PROJECT_VERSION = 1;
				DEVELOPMENT_TEAM = Q77G9L4656;
				GENERATE_INFOPLIST_FILE = YES;
				INFOPLIST_FILE = PlojectYPL/Info.plist;
				INFOPLIST_KEY_CFBundleDisplayName = YPL;
				INFOPLIST_KEY_LSApplicationCategoryType = "public.app-category.music";
				INFOPLIST_KEY_LSSupportsOpeningDocumentsInPlace = YES;
				INFOPLIST_KEY_NSPhotoLibraryUsageDescription = "이 앱은 사용자의 앨범에 접근합니다. 앨범의 파일을 재생하기 위함입니다.";
				INFOPLIST_KEY_UIApplicationSupportsIndirectInputEvents = YES;
				INFOPLIST_KEY_UILaunchStoryboardName = LaunchScreen.storyboard;
				INFOPLIST_KEY_UIStatusBarHidden = NO;
				INFOPLIST_KEY_UIStatusBarStyle = "";
				INFOPLIST_KEY_UISupportedInterfaceOrientations = UIInterfaceOrientationPortrait;
				INFOPLIST_KEY_UISupportedInterfaceOrientations_iPad = "UIInterfaceOrientationLandscapeLeft UIInterfaceOrientationLandscapeRight UIInterfaceOrientationPortrait UIInterfaceOrientationPortraitUpsideDown";
				INFOPLIST_KEY_UISupportsDocumentBrowser = YES;
				IPHONEOS_DEPLOYMENT_TARGET = 14.7;
				LD_RUNPATH_SEARCH_PATHS = (
					"$(inherited)",
					"@executable_path/Frameworks",
				);
				MARKETING_VERSION = 2.0;
				PRODUCT_BUNDLE_IDENTIFIER = kr.dy.PlojectYPL;
				PRODUCT_NAME = "$(TARGET_NAME)";
				SUPPORTED_PLATFORMS = "iphoneos iphonesimulator";
				SUPPORTS_MACCATALYST = NO;
				SUPPORTS_MAC_DESIGNED_FOR_IPHONE_IPAD = NO;
				SUPPORTS_XR_DESIGNED_FOR_IPHONE_IPAD = NO;
				SWIFT_EMIT_LOC_STRINGS = YES;
				SWIFT_VERSION = 5.0;
				TARGETED_DEVICE_FAMILY = 1;
			};
			name = Release;
		};
/* End XCBuildConfiguration section */

/* Begin XCConfigurationList section */
		17B72EA72C677ACB00C2CE2A /* Build configuration list for PBXProject "PlojectYPL" */ = {
			isa = XCConfigurationList;
			buildConfigurations = (
				17B72EBE2C677ACC00C2CE2A /* Debug */,
				17B72EBF2C677ACC00C2CE2A /* Release */,
			);
			defaultConfigurationIsVisible = 0;
			defaultConfigurationName = Release;
		};
		17B72EC02C677ACC00C2CE2A /* Build configuration list for PBXNativeTarget "PlojectYPL" */ = {
			isa = XCConfigurationList;
			buildConfigurations = (
				17B72EC12C677ACC00C2CE2A /* Debug */,
				17B72EC22C677ACC00C2CE2A /* Release */,
			);
			defaultConfigurationIsVisible = 0;
			defaultConfigurationName = Release;
		};
/* End XCConfigurationList section */
	};
	rootObject = 17B72EA42C677ACB00C2CE2A /* Project object */;
}
